
Microsoft Visual Studio Solution File, Format Version 12.00
# Visual Studio Version 17
VisualStudioVersion = 17.4.33213.308
MinimumVisualStudioVersion = 10.0.40219.1
Project("{FAE04EC0-301F-11D3-BF4B-00C04F79EFBC}") = "POOPractica2", "POOPractica2.csproj", "{CF8BC04C-4090-4FD6-9217-8CA06D0AAB1F}"
EndProject
Global
	GlobalSection(SolutionConfigurationPlatforms) = preSolution
		Debug|Any CPU = Debug|Any CPU
		Release|Any CPU = Release|Any CPU
	EndGlobalSection
	GlobalSection(ProjectConfigurationPlatforms) = postSolution
		{CF8BC04C-4090-4FD6-9217-8CA06D0AAB1F}.Debug|Any CPU.ActiveCfg = Debug|Any CPU
		{CF8BC04C-4090-4FD6-9217-8CA06D0AAB1F}.Debug|Any CPU.Build.0 = Debug|Any CPU
		{CF8BC04C-4090-4FD6-9217-8CA06D0AAB1F}.Release|Any CPU.ActiveCfg = Release|Any CPU
		{CF8BC04C-4090-4FD6-9217-8CA06D0AAB1F}.Release|Any CPU.Build.0 = Release|Any CPU
	EndGlobalSection
	GlobalSection(SolutionProperties) = preSolution
		HideSolutionNode = FALSE
	EndGlobalSection
	GlobalSection(ExtensibilityGlobals) = postSolution
		SolutionGuid = {8147F67A-C383-45B6-B5CF-17AA0505ADD2}
	EndGlobalSection
EndGlobal
